
Microsoft Visual Studio Solution File, Format Version 12.00
# Visual Studio 15
VisualStudioVersion = 15.0.28307.572
MinimumVisualStudioVersion = 10.0.40219.1
Project("{2150E333-8FDC-42A3-9474-1A3956D46DE8}") = "src", "src", "{9CFC64D5-282D-49CF-AA30-36C6A4B27933}"
EndProject
Project("{FAE04EC0-301F-11D3-BF4B-00C04F79EFBC}") = "AbpDemo.Web.Host", "src\AbpDemo.Web.Host\AbpDemo.Web.Host.csproj", "{92B7BCB0-CDE5-437A-85E8-FF5A4058677A}"
EndProject
Project("{FAE04EC0-301F-11D3-BF4B-00C04F79EFBC}") = "AbpDemo.Application", "src\AbpDemo.Application\AbpDemo.Application.csproj", "{F3C20AC4-CD06-4B76-B19E-61F7ADAE0674}"
EndProject
Project("{FAE04EC0-301F-11D3-BF4B-00C04F79EFBC}") = "AbpDemo.Core", "src\AbpDemo.Core\AbpDemo.Core.csproj", "{79285ACE-61B0-45CC-B91A-16EA9C3BD16E}"
EndProject
Project("{FAE04EC0-301F-11D3-BF4B-00C04F79EFBC}") = "AbpDemo.EntityFrameworkCore", "src\AbpDemo.EntityFrameworkCore\AbpDemo.EntityFrameworkCore.csproj", "{7F2DD615-7BE1-4D66-B1BD-830CC09FCB1E}"
EndProject
Project("{FAE04EC0-301F-11D3-BF4B-00C04F79EFBC}") = "AbpDemo.Migrator", "src\AbpDemo.Migrator\AbpDemo.Migrator.csproj", "{01511452-850A-42E9-8CB7-22FF476FC6AB}"
EndProject
Project("{FAE04EC0-301F-11D3-BF4B-00C04F79EFBC}") = "AbpDemo.Web.Core", "src\AbpDemo.Web.Core\AbpDemo.Web.Core.csproj", "{DA12993B-536B-4273-9263-2B6A96180449}"
EndProject
Global
	GlobalSection(SolutionConfigurationPlatforms) = preSolution
		Debug|Any CPU = Debug|Any CPU
		Release|Any CPU = Release|Any CPU
	EndGlobalSection
	GlobalSection(ProjectConfigurationPlatforms) = postSolution
		{92B7BCB0-CDE5-437A-85E8-FF5A4058677A}.Debug|Any CPU.ActiveCfg = Debug|Any CPU
		{92B7BCB0-CDE5-437A-85E8-FF5A4058677A}.Debug|Any CPU.Build.0 = Debug|Any CPU
		{92B7BCB0-CDE5-437A-85E8-FF5A4058677A}.Release|Any CPU.ActiveCfg = Release|Any CPU
		{92B7BCB0-CDE5-437A-85E8-FF5A4058677A}.Release|Any CPU.Build.0 = Release|Any CPU
		{F3C20AC4-CD06-4B76-B19E-61F7ADAE0674}.Debug|Any CPU.ActiveCfg = Debug|Any CPU
		{F3C20AC4-CD06-4B76-B19E-61F7ADAE0674}.Debug|Any CPU.Build.0 = Debug|Any CPU
		{F3C20AC4-CD06-4B76-B19E-61F7ADAE0674}.Release|Any CPU.ActiveCfg = Release|Any CPU
		{F3C20AC4-CD06-4B76-B19E-61F7ADAE0674}.Release|Any CPU.Build.0 = Release|Any CPU
		{79285ACE-61B0-45CC-B91A-16EA9C3BD16E}.Debug|Any CPU.ActiveCfg = Debug|Any CPU
		{79285ACE-61B0-45CC-B91A-16EA9C3BD16E}.Debug|Any CPU.Build.0 = Debug|Any CPU
		{79285ACE-61B0-45CC-B91A-16EA9C3BD16E}.Release|Any CPU.ActiveCfg = Release|Any CPU
		{79285ACE-61B0-45CC-B91A-16EA9C3BD16E}.Release|Any CPU.Build.0 = Release|Any CPU
		{7F2DD615-7BE1-4D66-B1BD-830CC09FCB1E}.Debug|Any CPU.ActiveCfg = Debug|Any CPU
		{7F2DD615-7BE1-4D66-B1BD-830CC09FCB1E}.Debug|Any CPU.Build.0 = Debug|Any CPU
		{7F2DD615-7BE1-4D66-B1BD-830CC09FCB1E}.Release|Any CPU.ActiveCfg = Release|Any CPU
		{7F2DD615-7BE1-4D66-B1BD-830CC09FCB1E}.Release|Any CPU.Build.0 = Release|Any CPU
		{01511452-850A-42E9-8CB7-22FF476FC6AB}.Debug|Any CPU.ActiveCfg = Debug|Any CPU
		{01511452-850A-42E9-8CB7-22FF476FC6AB}.Debug|Any CPU.Build.0 = Debug|Any CPU
		{01511452-850A-42E9-8CB7-22FF476FC6AB}.Release|Any CPU.ActiveCfg = Release|Any CPU
		{01511452-850A-42E9-8CB7-22FF476FC6AB}.Release|Any CPU.Build.0 = Release|Any CPU
		{DA12993B-536B-4273-9263-2B6A96180449}.Debug|Any CPU.ActiveCfg = Debug|Any CPU
		{DA12993B-536B-4273-9263-2B6A96180449}.Debug|Any CPU.Build.0 = Debug|Any CPU
		{DA12993B-536B-4273-9263-2B6A96180449}.Release|Any CPU.ActiveCfg = Release|Any CPU
		{DA12993B-536B-4273-9263-2B6A96180449}.Release|Any CPU.Build.0 = Release|Any CPU
	EndGlobalSection
	GlobalSection(SolutionProperties) = preSolution
		HideSolutionNode = FALSE
	EndGlobalSection
	GlobalSection(NestedProjects) = preSolution
		{92B7BCB0-CDE5-437A-85E8-FF5A4058677A} = {9CFC64D5-282D-49CF-AA30-36C6A4B27933}
		{F3C20AC4-CD06-4B76-B19E-61F7ADAE0674} = {9CFC64D5-282D-49CF-AA30-36C6A4B27933}
		{79285ACE-61B0-45CC-B91A-16EA9C3BD16E} = {9CFC64D5-282D-49CF-AA30-36C6A4B27933}
		{7F2DD615-7BE1-4D66-B1BD-830CC09FCB1E} = {9CFC64D5-282D-49CF-AA30-36C6A4B27933}
		{01511452-850A-42E9-8CB7-22FF476FC6AB} = {9CFC64D5-282D-49CF-AA30-36C6A4B27933}
		{DA12993B-536B-4273-9263-2B6A96180449} = {9CFC64D5-282D-49CF-AA30-36C6A4B27933}
	EndGlobalSection
	GlobalSection(ExtensibilityGlobals) = postSolution
		SolutionGuid = {28DCF01A-2979-4800-A39F-AF91686D51F8}
	EndGlobalSection
EndGlobal
